
Microsoft Visual Studio Solution File, Format Version 12.00
# Visual Studio Version 16
VisualStudioVersion = 16.0.34931.43
MinimumVisualStudioVersion = 10.0.40219.1
Project("{FAE04EC0-301F-11D3-BF4B-00C04F79EFBC}") = "ArduinoLightTracker", "ArduinoLightTracker.csproj", "{5B0DEA4E-8A3B-469F-893B-3C3016FFC20A}"
EndProject
Global
	GlobalSection(SolutionConfigurationPlatforms) = preSolution
		Debug|Any CPU = Debug|Any CPU
		Release|Any CPU = Release|Any CPU
	EndGlobalSection
	GlobalSection(ProjectConfigurationPlatforms) = postSolution
		{5B0DEA4E-8A3B-469F-893B-3C3016FFC20A}.Debug|Any CPU.ActiveCfg = Debug|Any CPU
		{5B0DEA4E-8A3B-469F-893B-3C3016FFC20A}.Debug|Any CPU.Build.0 = Debug|Any CPU
		{5B0DEA4E-8A3B-469F-893B-3C3016FFC20A}.Release|Any CPU.ActiveCfg = Release|Any CPU
		{5B0DEA4E-8A3B-469F-893B-3C3016FFC20A}.Release|Any CPU.Build.0 = Release|Any CPU
	EndGlobalSection
	GlobalSection(SolutionProperties) = preSolution
		HideSolutionNode = FALSE
	EndGlobalSection
	GlobalSection(ExtensibilityGlobals) = postSolution
		SolutionGuid = {1219D588-3620-4A9D-8610-F4426F4D68A6}
	EndGlobalSection
EndGlobal
